
Microsoft Visual Studio Solution File, Format Version 12.00
# Visual Studio Version 17
VisualStudioVersion = 17.5.33516.290
MinimumVisualStudioVersion = 10.0.40219.1
Project("{FAE04EC0-301F-11D3-BF4B-00C04F79EFBC}") = "lab_05_2", "lab_05_2\lab_05_2.csproj", "{7AF40794-73C6-4CAD-AD37-66D10BD328CF}"
EndProject
Global
	GlobalSection(SolutionConfigurationPlatforms) = preSolution
		Debug|Any CPU = Debug|Any CPU
		Release|Any CPU = Release|Any CPU
	EndGlobalSection
	GlobalSection(ProjectConfigurationPlatforms) = postSolution
		{7AF40794-73C6-4CAD-AD37-66D10BD328CF}.Debug|Any CPU.ActiveCfg = Debug|Any CPU
		{7AF40794-73C6-4CAD-AD37-66D10BD328CF}.Debug|Any CPU.Build.0 = Debug|Any CPU
		{7AF40794-73C6-4CAD-AD37-66D10BD328CF}.Release|Any CPU.ActiveCfg = Release|Any CPU
		{7AF40794-73C6-4CAD-AD37-66D10BD328CF}.Release|Any CPU.Build.0 = Release|Any CPU
	EndGlobalSection
	GlobalSection(SolutionProperties) = preSolution
		HideSolutionNode = FALSE
	EndGlobalSection
	GlobalSection(ExtensibilityGlobals) = postSolution
		SolutionGuid = {338F8BB7-01DF-4A10-98D4-C8BA0953C664}
	EndGlobalSection
EndGlobal
